{
  "name": "simiel-chat",
  "version": "1.0.0",
  "lockfileVersion": 3,
  "requires": true,
  "packages": {
    "": {
      "name": "simiel-chat",
      "version": "1.0.0",
      "license": "ISC",
      "dependencies": {
        "mime": "^4.0.1"
      }
    },
    "node_modules/mime": {
      "version": "4.0.1",
      "resolved": "https://registry.npmjs.org/mime/-/mime-4.0.1.tgz",
      "integrity": "sha512-5lZ5tyrIfliMXzFtkYyekWbtRXObT9OWa8IwQ5uxTBDHucNNwniRqo0yInflj+iYi5CBa6qxadGzGarDfuEOxA==",
      "funding": [
        "https://github.com/sponsors/broofa"
      ],
      "bin": {
        "mime": "bin/cli.js"
      },
      "engines": {
        "node": ">=16"
      }
    }
  }
}
